
Microsoft Visual Studio Solution File, Format Version 12.00
# Visual Studio 14
VisualStudioVersion = 14.0.25420.1
MinimumVisualStudioVersion = 10.0.40219.1
Project("{8BB2217D-0F2D-49D1-97BC-3654ED321F3B}") = "SimpleList.Api", "SimpleList.Api\SimpleList.Api.xproj", "{39538014-4B48-4633-ACAA-1F23F55557FC}"
EndProject
Project("{8BB2217D-0F2D-49D1-97BC-3654ED321F3B}") = "SimpleList.DataContext", "SimpleList.DataContext\SimpleList.DataContext.xproj", "{DA2FDC35-E27C-4A5D-B910-EDD2CE114B1B}"
EndProject
Project("{8BB2217D-0F2D-49D1-97BC-3654ED321F3B}") = "SimpleList.Services", "SimpleList.Services\SimpleList.Services.xproj", "{B2390770-41D2-460E-9C2C-F0525502C067}"
EndProject
Project("{8BB2217D-0F2D-49D1-97BC-3654ED321F3B}") = "SimpleList.Models", "SimpleList.Models\SimpleList.Models.xproj", "{2C1C7BF6-E11F-477B-8174-7F4A517B53EB}"
EndProject
Project("{8BB2217D-0F2D-49D1-97BC-3654ED321F3B}") = "SimpleList.Services.Tests", "SimpleList.Services.Tests\SimpleList.Services.Tests.xproj", "{56661D2B-F2F2-4847-807C-905115ACDE60}"
EndProject
Project("{8BB2217D-0F2D-49D1-97BC-3654ED321F3B}") = "SimpleList.Shared", "SimpleList.Shared\SimpleList.Shared.xproj", "{69581540-7A13-4E48-972A-09BC6D8EFFC2}"
EndProject
Project("{8BB2217D-0F2D-49D1-97BC-3654ED321F3B}") = "SimpleList.Api.Tests", "SimpleList.Api.Tests\SimpleList.Api.Tests.xproj", "{DB96D751-087F-4B6F-910E-090E28156532}"
EndProject
Project("{8BB2217D-0F2D-49D1-97BC-3654ED321F3B}") = "SimpleList.AngularApp", "SimpleList.AngularApp\SimpleList.AngularApp.xproj", "{599DD192-57B2-42F4-BF20-7DF0CEBA2EC6}"
EndProject
Global
	GlobalSection(SolutionConfigurationPlatforms) = preSolution
		Debug|Any CPU = Debug|Any CPU
		Release|Any CPU = Release|Any CPU
	EndGlobalSection
	GlobalSection(ProjectConfigurationPlatforms) = postSolution
		{39538014-4B48-4633-ACAA-1F23F55557FC}.Debug|Any CPU.ActiveCfg = Debug|Any CPU
		{39538014-4B48-4633-ACAA-1F23F55557FC}.Debug|Any CPU.Build.0 = Debug|Any CPU
		{39538014-4B48-4633-ACAA-1F23F55557FC}.Release|Any CPU.ActiveCfg = Release|Any CPU
		{39538014-4B48-4633-ACAA-1F23F55557FC}.Release|Any CPU.Build.0 = Release|Any CPU
		{DA2FDC35-E27C-4A5D-B910-EDD2CE114B1B}.Debug|Any CPU.ActiveCfg = Debug|Any CPU
		{DA2FDC35-E27C-4A5D-B910-EDD2CE114B1B}.Debug|Any CPU.Build.0 = Debug|Any CPU
		{DA2FDC35-E27C-4A5D-B910-EDD2CE114B1B}.Release|Any CPU.ActiveCfg = Release|Any CPU
		{DA2FDC35-E27C-4A5D-B910-EDD2CE114B1B}.Release|Any CPU.Build.0 = Release|Any CPU
		{B2390770-41D2-460E-9C2C-F0525502C067}.Debug|Any CPU.ActiveCfg = Debug|Any CPU
		{B2390770-41D2-460E-9C2C-F0525502C067}.Debug|Any CPU.Build.0 = Debug|Any CPU
		{B2390770-41D2-460E-9C2C-F0525502C067}.Release|Any CPU.ActiveCfg = Release|Any CPU
		{B2390770-41D2-460E-9C2C-F0525502C067}.Release|Any CPU.Build.0 = Release|Any CPU
		{2C1C7BF6-E11F-477B-8174-7F4A517B53EB}.Debug|Any CPU.ActiveCfg = Debug|Any CPU
		{2C1C7BF6-E11F-477B-8174-7F4A517B53EB}.Debug|Any CPU.Build.0 = Debug|Any CPU
		{2C1C7BF6-E11F-477B-8174-7F4A517B53EB}.Release|Any CPU.ActiveCfg = Release|Any CPU
		{2C1C7BF6-E11F-477B-8174-7F4A517B53EB}.Release|Any CPU.Build.0 = Release|Any CPU
		{56661D2B-F2F2-4847-807C-905115ACDE60}.Debug|Any CPU.ActiveCfg = Debug|Any CPU
		{56661D2B-F2F2-4847-807C-905115ACDE60}.Debug|Any CPU.Build.0 = Debug|Any CPU
		{56661D2B-F2F2-4847-807C-905115ACDE60}.Release|Any CPU.ActiveCfg = Release|Any CPU
		{56661D2B-F2F2-4847-807C-905115ACDE60}.Release|Any CPU.Build.0 = Release|Any CPU
		{69581540-7A13-4E48-972A-09BC6D8EFFC2}.Debug|Any CPU.ActiveCfg = Debug|Any CPU
		{69581540-7A13-4E48-972A-09BC6D8EFFC2}.Debug|Any CPU.Build.0 = Debug|Any CPU
		{69581540-7A13-4E48-972A-09BC6D8EFFC2}.Release|Any CPU.ActiveCfg = Release|Any CPU
		{69581540-7A13-4E48-972A-09BC6D8EFFC2}.Release|Any CPU.Build.0 = Release|Any CPU
		{DB96D751-087F-4B6F-910E-090E28156532}.Debug|Any CPU.ActiveCfg = Debug|Any CPU
		{DB96D751-087F-4B6F-910E-090E28156532}.Debug|Any CPU.Build.0 = Debug|Any CPU
		{DB96D751-087F-4B6F-910E-090E28156532}.Release|Any CPU.ActiveCfg = Release|Any CPU
		{DB96D751-087F-4B6F-910E-090E28156532}.Release|Any CPU.Build.0 = Release|Any CPU
		{599DD192-57B2-42F4-BF20-7DF0CEBA2EC6}.Debug|Any CPU.ActiveCfg = Debug|Any CPU
		{599DD192-57B2-42F4-BF20-7DF0CEBA2EC6}.Debug|Any CPU.Build.0 = Debug|Any CPU
		{599DD192-57B2-42F4-BF20-7DF0CEBA2EC6}.Release|Any CPU.ActiveCfg = Release|Any CPU
		{599DD192-57B2-42F4-BF20-7DF0CEBA2EC6}.Release|Any CPU.Build.0 = Release|Any CPU
	EndGlobalSection
	GlobalSection(SolutionProperties) = preSolution
		HideSolutionNode = FALSE
	EndGlobalSection
EndGlobal
